<Solution>
  <Folder Name="/Solution Items/">
    <File Path=".editorconfig" />
  </Folder>
  <Project Path="../dotnet-lamechain-sdk/Dotnet.OllamaSharp.LameChain.SDK/Dotnet.OllamaSharp.LameChain.SDK.csproj" />
  <Project Path="../dotnet-langsearch-sdk/Dotnet.LangSearch.SDK/Dotnet.LangSearch.SDK.csproj" />
  <Project Path="DotnetLlamaSharp.Domain/DotnetLlamaSharp.Domain.csproj" />
  <Project Path="DotnetLlamaSharp.Infrastructure/DotnetLlamaSharp.Infrastructure.csproj" />
  <Project Path="DotnetLlamaSharp/DotnetLlamaSharp.csproj" />
</Solution>
